
Microsoft Visual Studio Solution File, Format Version 12.00
# Visual Studio Version 17
VisualStudioVersion = 17.3.32819.101
MinimumVisualStudioVersion = 10.0.40219.1
Project("{FAE04EC0-301F-11D3-BF4B-00C04F79EFBC}") = "AnimalLibrary", "AnimalLibrary.csproj", "{05B94105-5412-49CA-9AB1-B4F57EE6BDD2}"
EndProject
Project("{FAE04EC0-301F-11D3-BF4B-00C04F79EFBC}") = "TestAnimalLibrary", "..\TestAnimalLibrary\TestAnimalLibrary.csproj", "{B4C4D03B-C74A-4C98-B81B-006C1F1FEBD0}"
EndProject
Project("{FAE04EC0-301F-11D3-BF4B-00C04F79EFBC}") = "LabWork10", "..\Lab10\LabWork10.csproj", "{244871EA-9FD4-4344-865B-F146B0A4D654}"
EndProject
Global
	GlobalSection(SolutionConfigurationPlatforms) = preSolution
		Debug|Any CPU = Debug|Any CPU
		Release|Any CPU = Release|Any CPU
	EndGlobalSection
	GlobalSection(ProjectConfigurationPlatforms) = postSolution
		{05B94105-5412-49CA-9AB1-B4F57EE6BDD2}.Debug|Any CPU.ActiveCfg = Debug|Any CPU
		{05B94105-5412-49CA-9AB1-B4F57EE6BDD2}.Debug|Any CPU.Build.0 = Debug|Any CPU
		{05B94105-5412-49CA-9AB1-B4F57EE6BDD2}.Release|Any CPU.ActiveCfg = Release|Any CPU
		{05B94105-5412-49CA-9AB1-B4F57EE6BDD2}.Release|Any CPU.Build.0 = Release|Any CPU
		{B4C4D03B-C74A-4C98-B81B-006C1F1FEBD0}.Debug|Any CPU.ActiveCfg = Debug|Any CPU
		{B4C4D03B-C74A-4C98-B81B-006C1F1FEBD0}.Debug|Any CPU.Build.0 = Debug|Any CPU
		{B4C4D03B-C74A-4C98-B81B-006C1F1FEBD0}.Release|Any CPU.ActiveCfg = Release|Any CPU
		{B4C4D03B-C74A-4C98-B81B-006C1F1FEBD0}.Release|Any CPU.Build.0 = Release|Any CPU
		{244871EA-9FD4-4344-865B-F146B0A4D654}.Debug|Any CPU.ActiveCfg = Debug|Any CPU
		{244871EA-9FD4-4344-865B-F146B0A4D654}.Debug|Any CPU.Build.0 = Debug|Any CPU
		{244871EA-9FD4-4344-865B-F146B0A4D654}.Release|Any CPU.ActiveCfg = Release|Any CPU
		{244871EA-9FD4-4344-865B-F146B0A4D654}.Release|Any CPU.Build.0 = Release|Any CPU
	EndGlobalSection
	GlobalSection(SolutionProperties) = preSolution
		HideSolutionNode = FALSE
	EndGlobalSection
	GlobalSection(ExtensibilityGlobals) = postSolution
		SolutionGuid = {6D7367AD-F309-49FB-A274-28B8C8B8E000}
	EndGlobalSection
EndGlobal
